{
    "_readme": [
        "This file locks the dependencies of your project to a known state",
        "Read more about it at https://getcomposer.org/doc/01-basic-usage.md#installing-dependencies",
        "This file is @generated automatically"
    ],
    "content-hash": "0f934bfd605b997f39b4058e187ab2da",
    "packages": [
        {
            "name": "cijic/phpmorphy",
            "version": "0.3.3",
            "source": {
                "type": "git",
                "url": "https://github.com/cijic/phpmorphy.git",
                "reference": "7e700908fa659995aa4ba3d664ce5bd144ccbd28"
            },
            "dist": {
                "type": "zip",
                "url": "https://api.github.com/repos/cijic/phpmorphy/zipball/7e700908fa659995aa4ba3d664ce5bd144ccbd28",
                "reference": "7e700908fa659995aa4ba3d664ce5bd144ccbd28",
                "shasum": ""
            },
            "require": {
                "php": ">=7.1.0"
            },
            "type": "library",
            "autoload": {
                "psr-4": {
                    "cijic\\phpMorphy\\": "src"
                },
                "classmap": [
                    "libs/phpmorphy/src/common.php",
                    "libs/phpmorphy/src/"
                ]
            },
            "notification-url": "https://packagist.org/downloads/",
            "license": [
                "MIT"
            ],
            "authors": [
                {
                    "name": "Chiril Teterea",
                    "email": "altcode@ya.ru",
                    "role": "Developer"
                }
            ],
            "description": "phpMorphy - morphological analyzer library for Russisan, English languages.",
            "homepage": "https://github.com/cijic/phpmorphy",
            "keywords": [
                "phpmorphy"
            ],
            "support": {
                "issues": "https://github.com/cijic/phpmorphy/issues",
                "source": "https://github.com/cijic/phpmorphy/tree/0.3.3"
            },
            "time": "2023-04-29T20:44:05+00:00"
        }
    ],
    "packages-dev": [],
    "aliases": [],
    "minimum-stability": "stable",
    "stability-flags": [],
    "prefer-stable": false,
    "prefer-lowest": false,
    "platform": [],
    "platform-dev": [],
    "plugin-api-version": "2.3.0"
}
